
Microsoft Visual Studio Solution File, Format Version 12.00
# Visual Studio Version 17
VisualStudioVersion = 17.9.34902.65
MinimumVisualStudioVersion = 10.0.40219.1
Project("{9A19103F-16F7-4668-BE54-9A1E7A4F7556}") = "VintageTimepieceApi", "VintageTimepieceApi\VintageTimepieceApi.csproj", "{EA7FF693-B805-47C0-AEB6-9ADD45F831BB}"
EndProject
Project("{9A19103F-16F7-4668-BE54-9A1E7A4F7556}") = "VintageTimepieceModel", "VintageTimepieceModel\VintageTimepieceModel.csproj", "{FC2A23EC-BD7D-405D-B6B6-52D3C24F4E2F}"
EndProject
Project("{9A19103F-16F7-4668-BE54-9A1E7A4F7556}") = "VintageTimepieceService", "VintageTimepieceService\VintageTimepieceService.csproj", "{8B6ED154-9051-48F4-BA55-694FD368A4DC}"
EndProject
Project("{9A19103F-16F7-4668-BE54-9A1E7A4F7556}") = "VintageTimePieceRepository", "VintageTimePieceRepository\VintageTimePieceRepository.csproj", "{256A1AE4-F7AD-45AD-8054-EDE412927CAB}"
EndProject
Global
	GlobalSection(SolutionConfigurationPlatforms) = preSolution
		Debug|Any CPU = Debug|Any CPU
		Release|Any CPU = Release|Any CPU
	EndGlobalSection
	GlobalSection(ProjectConfigurationPlatforms) = postSolution
		{EA7FF693-B805-47C0-AEB6-9ADD45F831BB}.Debug|Any CPU.ActiveCfg = Debug|Any CPU
		{EA7FF693-B805-47C0-AEB6-9ADD45F831BB}.Debug|Any CPU.Build.0 = Debug|Any CPU
		{EA7FF693-B805-47C0-AEB6-9ADD45F831BB}.Release|Any CPU.ActiveCfg = Release|Any CPU
		{EA7FF693-B805-47C0-AEB6-9ADD45F831BB}.Release|Any CPU.Build.0 = Release|Any CPU
		{FC2A23EC-BD7D-405D-B6B6-52D3C24F4E2F}.Debug|Any CPU.ActiveCfg = Debug|Any CPU
		{FC2A23EC-BD7D-405D-B6B6-52D3C24F4E2F}.Debug|Any CPU.Build.0 = Debug|Any CPU
		{FC2A23EC-BD7D-405D-B6B6-52D3C24F4E2F}.Release|Any CPU.ActiveCfg = Release|Any CPU
		{FC2A23EC-BD7D-405D-B6B6-52D3C24F4E2F}.Release|Any CPU.Build.0 = Release|Any CPU
		{8B6ED154-9051-48F4-BA55-694FD368A4DC}.Debug|Any CPU.ActiveCfg = Debug|Any CPU
		{8B6ED154-9051-48F4-BA55-694FD368A4DC}.Debug|Any CPU.Build.0 = Debug|Any CPU
		{8B6ED154-9051-48F4-BA55-694FD368A4DC}.Release|Any CPU.ActiveCfg = Release|Any CPU
		{8B6ED154-9051-48F4-BA55-694FD368A4DC}.Release|Any CPU.Build.0 = Release|Any CPU
		{256A1AE4-F7AD-45AD-8054-EDE412927CAB}.Debug|Any CPU.ActiveCfg = Debug|Any CPU
		{256A1AE4-F7AD-45AD-8054-EDE412927CAB}.Debug|Any CPU.Build.0 = Debug|Any CPU
		{256A1AE4-F7AD-45AD-8054-EDE412927CAB}.Release|Any CPU.ActiveCfg = Release|Any CPU
		{256A1AE4-F7AD-45AD-8054-EDE412927CAB}.Release|Any CPU.Build.0 = Release|Any CPU
	EndGlobalSection
	GlobalSection(SolutionProperties) = preSolution
		HideSolutionNode = FALSE
	EndGlobalSection
	GlobalSection(ExtensibilityGlobals) = postSolution
		SolutionGuid = {10E3E4E8-D94B-4BAB-BD62-402D049A7D33}
	EndGlobalSection
EndGlobal
